
Microsoft Visual Studio Solution File, Format Version 12.00
# Visual Studio 2012
Project("{8BC9CEB8-8B4A-11D0-8D11-00A0C91BC942}") = "OrbitTests", "OrbitTests\OrbitTests.vcxproj", "{6B4D3DDE-6F16-435D-AD3D-1E7F5C533103}"
EndProject
Project("{8BC9CEB8-8B4A-11D0-8D11-00A0C91BC942}") = "OrbitSimulator", "OrbitSimulator\OrbitSimulator.vcxproj", "{CE9F0639-8E3E-470F-B4E0-2664EECED7D6}"
EndProject
Project("{8BC9CEB8-8B4A-11D0-8D11-00A0C91BC942}") = "OrbitLauncher", "OrbitLauncher\OrbitLauncher.vcxproj", "{95BAC98A-BE12-474D-9842-E692FE640E54}"
EndProject
Global
	GlobalSection(SolutionConfigurationPlatforms) = preSolution
		Debug|Win32 = Debug|Win32
		Release|Win32 = Release|Win32
	EndGlobalSection
	GlobalSection(ProjectConfigurationPlatforms) = postSolution
		{6B4D3DDE-6F16-435D-AD3D-1E7F5C533103}.Debug|Win32.ActiveCfg = Debug|Win32
		{6B4D3DDE-6F16-435D-AD3D-1E7F5C533103}.Debug|Win32.Build.0 = Debug|Win32
		{6B4D3DDE-6F16-435D-AD3D-1E7F5C533103}.Release|Win32.ActiveCfg = Release|Win32
		{6B4D3DDE-6F16-435D-AD3D-1E7F5C533103}.Release|Win32.Build.0 = Release|Win32
		{CE9F0639-8E3E-470F-B4E0-2664EECED7D6}.Debug|Win32.ActiveCfg = Debug|Win32
		{CE9F0639-8E3E-470F-B4E0-2664EECED7D6}.Debug|Win32.Build.0 = Debug|Win32
		{CE9F0639-8E3E-470F-B4E0-2664EECED7D6}.Release|Win32.ActiveCfg = Release|Win32
		{CE9F0639-8E3E-470F-B4E0-2664EECED7D6}.Release|Win32.Build.0 = Release|Win32
		{95BAC98A-BE12-474D-9842-E692FE640E54}.Debug|Win32.ActiveCfg = Debug|Win32
		{95BAC98A-BE12-474D-9842-E692FE640E54}.Debug|Win32.Build.0 = Debug|Win32
		{95BAC98A-BE12-474D-9842-E692FE640E54}.Release|Win32.ActiveCfg = Release|Win32
		{95BAC98A-BE12-474D-9842-E692FE640E54}.Release|Win32.Build.0 = Release|Win32
	EndGlobalSection
	GlobalSection(SolutionProperties) = preSolution
		HideSolutionNode = FALSE
	EndGlobalSection
EndGlobal
